
Microsoft Visual Studio Solution File, Format Version 12.00
# Visual Studio Version 16
VisualStudioVersion = 16.0.34902.97
MinimumVisualStudioVersion = 10.0.40219.1
Project("{FAE04EC0-301F-11D3-BF4B-00C04F79EFBC}") = "CyberGuardian", "CyberGuardian\CyberGuardian.csproj", "{98F7981B-C04E-4FE6-B11E-C89D6CE19FE3}"
EndProject
Global
	GlobalSection(SolutionConfigurationPlatforms) = preSolution
		Debug|Any CPU = Debug|Any CPU
		Release|Any CPU = Release|Any CPU
	EndGlobalSection
	GlobalSection(ProjectConfigurationPlatforms) = postSolution
		{98F7981B-C04E-4FE6-B11E-C89D6CE19FE3}.Debug|Any CPU.ActiveCfg = Debug|Any CPU
		{98F7981B-C04E-4FE6-B11E-C89D6CE19FE3}.Debug|Any CPU.Build.0 = Debug|Any CPU
		{98F7981B-C04E-4FE6-B11E-C89D6CE19FE3}.Release|Any CPU.ActiveCfg = Release|Any CPU
		{98F7981B-C04E-4FE6-B11E-C89D6CE19FE3}.Release|Any CPU.Build.0 = Release|Any CPU
	EndGlobalSection
	GlobalSection(SolutionProperties) = preSolution
		HideSolutionNode = FALSE
	EndGlobalSection
	GlobalSection(ExtensibilityGlobals) = postSolution
		SolutionGuid = {16C448F5-7526-47DD-AE7A-9F9CAD2D9017}
	EndGlobalSection
EndGlobal
